
Microsoft Visual Studio Solution File, Format Version 12.00
# Visual Studio Version 16
VisualStudioVersion = 16.0.30717.126
MinimumVisualStudioVersion = 10.0.40219.1
Project("{2150E333-8FDC-42A3-9474-1A3956D46DE8}") = "Core", "Core", "{BDA43883-8A14-4D71-9D70-804DF6C48581}"
EndProject
Project("{2150E333-8FDC-42A3-9474-1A3956D46DE8}") = "Infrastructure", "Infrastructure", "{39726FEE-8958-4115-B0A0-1F711D4EEE8C}"
EndProject
Project("{2150E333-8FDC-42A3-9474-1A3956D46DE8}") = "Presentation", "Presentation", "{5E048544-2A5B-43D5-9231-052403F0DD60}"
EndProject
Project("{2150E333-8FDC-42A3-9474-1A3956D46DE8}") = "Shared Kernel", "Shared Kernel", "{2AAC66A3-6D24-43DB-9E0F-23A8FDB05DFC}"
EndProject
Project("{FAE04EC0-301F-11D3-BF4B-00C04F79EFBC}") = "Infra.Common.Models", "Infrastructure\Infra.Common.Models\Infra.Common.Models.csproj", "{74D2A1CF-6515-468F-B082-12B3D90B8968}"
EndProject
Project("{FAE04EC0-301F-11D3-BF4B-00C04F79EFBC}") = "Infra.oAuthService", "Infrastructure\Infra.Authentication.Service\Infra.OAuthService\Infra.oAuthService.csproj", "{55E593D7-A66D-4410-BE88-8CEB94E0B84F}"
EndProject
Project("{FAE04EC0-301F-11D3-BF4B-00C04F79EFBC}") = "infra.oAuthService.Api.Extensions", "Infrastructure\Infra.Authentication.Service\Infra.OAuthService.Api.Extensions\infra.oAuthService.Api.Extensions.csproj", "{5992E4C9-E00F-4191-9A35-369D72D70B82}"
EndProject
Project("{FAE04EC0-301F-11D3-BF4B-00C04F79EFBC}") = "Infra.DomainDrivenDesign.Base", "Infrastructure\Infra.DomainDrivenDesign.Base\Infra.DomainDrivenDesign.Base.csproj", "{CAD16A93-365E-4D9A-9211-2CE7AF896C2A}"
EndProject
Project("{2150E333-8FDC-42A3-9474-1A3956D46DE8}") = "Authentication", "Authentication", "{CB32E531-01E9-480B-B2AD-2D50E1B2EB92}"
EndProject
Project("{2150E333-8FDC-42A3-9474-1A3956D46DE8}") = "Persistance", "Persistance", "{44F08FF2-DFC3-49E2-A0CF-88AD3B572B78}"
EndProject
Project("{2150E333-8FDC-42A3-9474-1A3956D46DE8}") = "MediatR", "MediatR", "{E28A09B9-E9C8-4966-8C7A-59E8DBB83FA1}"
EndProject
Project("{FAE04EC0-301F-11D3-BF4B-00C04F79EFBC}") = "Infra.MediatR.Caching", "Infrastructure\Infra.MediatR\Infra.MediatR.Caching\Infra.MediatR.Caching.csproj", "{41327AD0-7F06-4343-8F5A-DF26749E5BC0}"
EndProject
Project("{FAE04EC0-301F-11D3-BF4B-00C04F79EFBC}") = "Infra.MediatR.Caching.Extensions", "Infrastructure\Infra.MediatR\Infra.MediatR.Caching.Extensions\Infra.MediatR.Caching.Extensions.csproj", "{635BF108-A0AD-42EB-94A6-AA0E500C1C2D}"
EndProject
Project("{FAE04EC0-301F-11D3-BF4B-00C04F79EFBC}") = "Infra.MediatR.Logging", "Infrastructure\Infra.MediatR\Infra.MediatR.Logging\Infra.MediatR.Logging.csproj", "{E41667DE-7F61-435B-884C-E94D25640294}"
EndProject
Project("{FAE04EC0-301F-11D3-BF4B-00C04F79EFBC}") = "Infra.MediatR.Logging.Extensions", "Infrastructure\Infra.MediatR\Infra.MediatR.Logging.Extensions\Infra.MediatR.Logging.Extensions.csproj", "{6988A040-0F79-4BC5-AA73-3949DDB811E9}"
EndProject
Project("{FAE04EC0-301F-11D3-BF4B-00C04F79EFBC}") = "Infra.MediatR.Validation", "Infrastructure\Infra.MediatR\Infra.MediatR.Validation\Infra.MediatR.Validation.csproj", "{FFB3F723-08EC-4388-A68C-D31CD2244C9E}"
EndProject
Project("{FAE04EC0-301F-11D3-BF4B-00C04F79EFBC}") = "Infra.MediatR.Validation.Extensions", "Infrastructure\Infra.MediatR\Infra.MediatR.Validation.Extensions\Infra.MediatR.Validation.Extensions.csproj", "{6642CA15-B1B3-427C-A7C8-A50A98F10EEB}"
EndProject
Project("{FAE04EC0-301F-11D3-BF4B-00C04F79EFBC}") = "Infra.Persistence", "Infrastructure\Infra.Persistence\Infra.Persistence\Infra.Persistence.csproj", "{07B58B00-74AB-41AF-AD7B-66DE60D9AA7C}"
EndProject
Project("{FAE04EC0-301F-11D3-BF4B-00C04F79EFBC}") = "Infra.Persistence.EntityFramework", "Infrastructure\Infra.Persistence\Infra.Persistence.EntityFramework\Infra.Persistence.EntityFramework.csproj", "{B41F0B34-2F0D-4EE9-BD1F-7F389939534C}"
EndProject
Project("{FAE04EC0-301F-11D3-BF4B-00C04F79EFBC}") = "Infra.Persistence.EntityFramework.Extensions", "Infrastructure\Infra.Persistence\Infra.Persistence.EntityFramework.Extensions\Infra.Persistence.EntityFramework.Extensions.csproj", "{166A8CBC-8541-4BF8-95FE-F648127707A2}"
EndProject
Project("{FAE04EC0-301F-11D3-BF4B-00C04F79EFBC}") = "Infra.Persistence.SqlServer.Extensions", "Infrastructure\Infra.Persistence\Infra.Persistence.SqlServer.Extensions\Infra.Persistence.SqlServer.Extensions.csproj", "{A2EA6CA8-8919-416A-888A-AA41B11886D1}"
EndProject
Project("{FAE04EC0-301F-11D3-BF4B-00C04F79EFBC}") = "Troupon.DealManagement.Core.Application", "Troupon.DealManagement.Core.Application\Troupon.DealManagement.Core.Application.csproj", "{D3C87E1A-8299-491F-A398-8A65A5038CF9}"
EndProject
Project("{FAE04EC0-301F-11D3-BF4B-00C04F79EFBC}") = "Troupon.DealManagement.Core.Domain", "Troupon.DealManagement.Core.Domain\Troupon.DealManagement.Core.Domain.csproj", "{A4B759E6-482A-4332-8160-61625D1D125D}"
EndProject
Project("{FAE04EC0-301F-11D3-BF4B-00C04F79EFBC}") = "Troupon.DealManagement.Infra.Persistence", "Troupon.DealManagement.Infra.Persistance\Troupon.DealManagement.Infra.Persistence.csproj", "{BCE696E6-E555-4A62-A58E-1386DFA639AE}"
EndProject
Project("{FAE04EC0-301F-11D3-BF4B-00C04F79EFBC}") = "Troupon.DealManagement.Api", "Troupon.DealManagement.Api\Troupon.DealManagement.Api.csproj", "{FF911671-EB21-4BCC-AB44-A7F151D2EB1E}"
EndProject
Project("{FAE04EC0-301F-11D3-BF4B-00C04F79EFBC}") = "Infra.MediatR.Events", "Infrastructure\Infra.MediatR\Infra.MediatR.Events\Infra.MediatR.Events.csproj", "{A95203EE-8805-4107-B083-91E1EB7A446C}"
EndProject
Project("{FAE04EC0-301F-11D3-BF4B-00C04F79EFBC}") = "Troupon.DealManagement.Core.Application.Tests", "Troupon.DealManagement.Core.Application.Tests\Troupon.DealManagement.Core.Application.Tests.csproj", "{0D104964-FD79-4285-A7D0-F07B143A7DE3}"
EndProject
Global
	GlobalSection(SolutionConfigurationPlatforms) = preSolution
		Debug|Any CPU = Debug|Any CPU
		Release|Any CPU = Release|Any CPU
	EndGlobalSection
	GlobalSection(ProjectConfigurationPlatforms) = postSolution
		{74D2A1CF-6515-468F-B082-12B3D90B8968}.Debug|Any CPU.ActiveCfg = Debug|Any CPU
		{74D2A1CF-6515-468F-B082-12B3D90B8968}.Debug|Any CPU.Build.0 = Debug|Any CPU
		{74D2A1CF-6515-468F-B082-12B3D90B8968}.Release|Any CPU.ActiveCfg = Release|Any CPU
		{74D2A1CF-6515-468F-B082-12B3D90B8968}.Release|Any CPU.Build.0 = Release|Any CPU
		{55E593D7-A66D-4410-BE88-8CEB94E0B84F}.Debug|Any CPU.ActiveCfg = Debug|Any CPU
		{55E593D7-A66D-4410-BE88-8CEB94E0B84F}.Debug|Any CPU.Build.0 = Debug|Any CPU
		{55E593D7-A66D-4410-BE88-8CEB94E0B84F}.Release|Any CPU.ActiveCfg = Release|Any CPU
		{55E593D7-A66D-4410-BE88-8CEB94E0B84F}.Release|Any CPU.Build.0 = Release|Any CPU
		{5992E4C9-E00F-4191-9A35-369D72D70B82}.Debug|Any CPU.ActiveCfg = Debug|Any CPU
		{5992E4C9-E00F-4191-9A35-369D72D70B82}.Debug|Any CPU.Build.0 = Debug|Any CPU
		{5992E4C9-E00F-4191-9A35-369D72D70B82}.Release|Any CPU.ActiveCfg = Release|Any CPU
		{5992E4C9-E00F-4191-9A35-369D72D70B82}.Release|Any CPU.Build.0 = Release|Any CPU
		{CAD16A93-365E-4D9A-9211-2CE7AF896C2A}.Debug|Any CPU.ActiveCfg = Debug|Any CPU
		{CAD16A93-365E-4D9A-9211-2CE7AF896C2A}.Debug|Any CPU.Build.0 = Debug|Any CPU
		{CAD16A93-365E-4D9A-9211-2CE7AF896C2A}.Release|Any CPU.ActiveCfg = Release|Any CPU
		{CAD16A93-365E-4D9A-9211-2CE7AF896C2A}.Release|Any CPU.Build.0 = Release|Any CPU
		{41327AD0-7F06-4343-8F5A-DF26749E5BC0}.Debug|Any CPU.ActiveCfg = Debug|Any CPU
		{41327AD0-7F06-4343-8F5A-DF26749E5BC0}.Debug|Any CPU.Build.0 = Debug|Any CPU
		{41327AD0-7F06-4343-8F5A-DF26749E5BC0}.Release|Any CPU.ActiveCfg = Release|Any CPU
		{41327AD0-7F06-4343-8F5A-DF26749E5BC0}.Release|Any CPU.Build.0 = Release|Any CPU
		{635BF108-A0AD-42EB-94A6-AA0E500C1C2D}.Debug|Any CPU.ActiveCfg = Debug|Any CPU
		{635BF108-A0AD-42EB-94A6-AA0E500C1C2D}.Debug|Any CPU.Build.0 = Debug|Any CPU
		{635BF108-A0AD-42EB-94A6-AA0E500C1C2D}.Release|Any CPU.ActiveCfg = Release|Any CPU
		{635BF108-A0AD-42EB-94A6-AA0E500C1C2D}.Release|Any CPU.Build.0 = Release|Any CPU
		{E41667DE-7F61-435B-884C-E94D25640294}.Debug|Any CPU.ActiveCfg = Debug|Any CPU
		{E41667DE-7F61-435B-884C-E94D25640294}.Debug|Any CPU.Build.0 = Debug|Any CPU
		{E41667DE-7F61-435B-884C-E94D25640294}.Release|Any CPU.ActiveCfg = Release|Any CPU
		{E41667DE-7F61-435B-884C-E94D25640294}.Release|Any CPU.Build.0 = Release|Any CPU
		{6988A040-0F79-4BC5-AA73-3949DDB811E9}.Debug|Any CPU.ActiveCfg = Debug|Any CPU
		{6988A040-0F79-4BC5-AA73-3949DDB811E9}.Debug|Any CPU.Build.0 = Debug|Any CPU
		{6988A040-0F79-4BC5-AA73-3949DDB811E9}.Release|Any CPU.ActiveCfg = Release|Any CPU
		{6988A040-0F79-4BC5-AA73-3949DDB811E9}.Release|Any CPU.Build.0 = Release|Any CPU
		{FFB3F723-08EC-4388-A68C-D31CD2244C9E}.Debug|Any CPU.ActiveCfg = Debug|Any CPU
		{FFB3F723-08EC-4388-A68C-D31CD2244C9E}.Debug|Any CPU.Build.0 = Debug|Any CPU
		{FFB3F723-08EC-4388-A68C-D31CD2244C9E}.Release|Any CPU.ActiveCfg = Release|Any CPU
		{FFB3F723-08EC-4388-A68C-D31CD2244C9E}.Release|Any CPU.Build.0 = Release|Any CPU
		{6642CA15-B1B3-427C-A7C8-A50A98F10EEB}.Debug|Any CPU.ActiveCfg = Debug|Any CPU
		{6642CA15-B1B3-427C-A7C8-A50A98F10EEB}.Debug|Any CPU.Build.0 = Debug|Any CPU
		{6642CA15-B1B3-427C-A7C8-A50A98F10EEB}.Release|Any CPU.ActiveCfg = Release|Any CPU
		{6642CA15-B1B3-427C-A7C8-A50A98F10EEB}.Release|Any CPU.Build.0 = Release|Any CPU
		{07B58B00-74AB-41AF-AD7B-66DE60D9AA7C}.Debug|Any CPU.ActiveCfg = Debug|Any CPU
		{07B58B00-74AB-41AF-AD7B-66DE60D9AA7C}.Debug|Any CPU.Build.0 = Debug|Any CPU
		{07B58B00-74AB-41AF-AD7B-66DE60D9AA7C}.Release|Any CPU.ActiveCfg = Release|Any CPU
		{07B58B00-74AB-41AF-AD7B-66DE60D9AA7C}.Release|Any CPU.Build.0 = Release|Any CPU
		{B41F0B34-2F0D-4EE9-BD1F-7F389939534C}.Debug|Any CPU.ActiveCfg = Debug|Any CPU
		{B41F0B34-2F0D-4EE9-BD1F-7F389939534C}.Debug|Any CPU.Build.0 = Debug|Any CPU
		{B41F0B34-2F0D-4EE9-BD1F-7F389939534C}.Release|Any CPU.ActiveCfg = Release|Any CPU
		{B41F0B34-2F0D-4EE9-BD1F-7F389939534C}.Release|Any CPU.Build.0 = Release|Any CPU
		{166A8CBC-8541-4BF8-95FE-F648127707A2}.Debug|Any CPU.ActiveCfg = Debug|Any CPU
		{166A8CBC-8541-4BF8-95FE-F648127707A2}.Debug|Any CPU.Build.0 = Debug|Any CPU
		{166A8CBC-8541-4BF8-95FE-F648127707A2}.Release|Any CPU.ActiveCfg = Release|Any CPU
		{166A8CBC-8541-4BF8-95FE-F648127707A2}.Release|Any CPU.Build.0 = Release|Any CPU
		{A2EA6CA8-8919-416A-888A-AA41B11886D1}.Debug|Any CPU.ActiveCfg = Debug|Any CPU
		{A2EA6CA8-8919-416A-888A-AA41B11886D1}.Debug|Any CPU.Build.0 = Debug|Any CPU
		{A2EA6CA8-8919-416A-888A-AA41B11886D1}.Release|Any CPU.ActiveCfg = Release|Any CPU
		{A2EA6CA8-8919-416A-888A-AA41B11886D1}.Release|Any CPU.Build.0 = Release|Any CPU
		{D3C87E1A-8299-491F-A398-8A65A5038CF9}.Debug|Any CPU.ActiveCfg = Debug|Any CPU
		{D3C87E1A-8299-491F-A398-8A65A5038CF9}.Debug|Any CPU.Build.0 = Debug|Any CPU
		{D3C87E1A-8299-491F-A398-8A65A5038CF9}.Release|Any CPU.ActiveCfg = Release|Any CPU
		{D3C87E1A-8299-491F-A398-8A65A5038CF9}.Release|Any CPU.Build.0 = Release|Any CPU
		{A4B759E6-482A-4332-8160-61625D1D125D}.Debug|Any CPU.ActiveCfg = Debug|Any CPU
		{A4B759E6-482A-4332-8160-61625D1D125D}.Debug|Any CPU.Build.0 = Debug|Any CPU
		{A4B759E6-482A-4332-8160-61625D1D125D}.Release|Any CPU.ActiveCfg = Release|Any CPU
		{A4B759E6-482A-4332-8160-61625D1D125D}.Release|Any CPU.Build.0 = Release|Any CPU
		{BCE696E6-E555-4A62-A58E-1386DFA639AE}.Debug|Any CPU.ActiveCfg = Debug|Any CPU
		{BCE696E6-E555-4A62-A58E-1386DFA639AE}.Debug|Any CPU.Build.0 = Debug|Any CPU
		{BCE696E6-E555-4A62-A58E-1386DFA639AE}.Release|Any CPU.ActiveCfg = Release|Any CPU
		{BCE696E6-E555-4A62-A58E-1386DFA639AE}.Release|Any CPU.Build.0 = Release|Any CPU
		{FF911671-EB21-4BCC-AB44-A7F151D2EB1E}.Debug|Any CPU.ActiveCfg = Debug|Any CPU
		{FF911671-EB21-4BCC-AB44-A7F151D2EB1E}.Debug|Any CPU.Build.0 = Debug|Any CPU
		{FF911671-EB21-4BCC-AB44-A7F151D2EB1E}.Release|Any CPU.ActiveCfg = Release|Any CPU
		{FF911671-EB21-4BCC-AB44-A7F151D2EB1E}.Release|Any CPU.Build.0 = Release|Any CPU
		{A95203EE-8805-4107-B083-91E1EB7A446C}.Debug|Any CPU.ActiveCfg = Debug|Any CPU
		{A95203EE-8805-4107-B083-91E1EB7A446C}.Debug|Any CPU.Build.0 = Debug|Any CPU
		{A95203EE-8805-4107-B083-91E1EB7A446C}.Release|Any CPU.ActiveCfg = Release|Any CPU
		{A95203EE-8805-4107-B083-91E1EB7A446C}.Release|Any CPU.Build.0 = Release|Any CPU
		{0D104964-FD79-4285-A7D0-F07B143A7DE3}.Debug|Any CPU.ActiveCfg = Debug|Any CPU
		{0D104964-FD79-4285-A7D0-F07B143A7DE3}.Debug|Any CPU.Build.0 = Debug|Any CPU
		{0D104964-FD79-4285-A7D0-F07B143A7DE3}.Release|Any CPU.ActiveCfg = Release|Any CPU
		{0D104964-FD79-4285-A7D0-F07B143A7DE3}.Release|Any CPU.Build.0 = Release|Any CPU
	EndGlobalSection
	GlobalSection(SolutionProperties) = preSolution
		HideSolutionNode = FALSE
	EndGlobalSection
	GlobalSection(NestedProjects) = preSolution
		{0D104964-FD79-4285-A7D0-F07B143A7DE3} = {5E048544-2A5B-43D5-9231-052403F0DD60}
		{74D2A1CF-6515-468F-B082-12B3D90B8968} = {2AAC66A3-6D24-43DB-9E0F-23A8FDB05DFC}
		{CAD16A93-365E-4D9A-9211-2CE7AF896C2A} = {2AAC66A3-6D24-43DB-9E0F-23A8FDB05DFC}
		{CB32E531-01E9-480B-B2AD-2D50E1B2EB92} = {2AAC66A3-6D24-43DB-9E0F-23A8FDB05DFC}
		{55E593D7-A66D-4410-BE88-8CEB94E0B84F} = {CB32E531-01E9-480B-B2AD-2D50E1B2EB92}
		{5992E4C9-E00F-4191-9A35-369D72D70B82} = {CB32E531-01E9-480B-B2AD-2D50E1B2EB92}
		{44F08FF2-DFC3-49E2-A0CF-88AD3B572B78} = {2AAC66A3-6D24-43DB-9E0F-23A8FDB05DFC}
		{E28A09B9-E9C8-4966-8C7A-59E8DBB83FA1} = {2AAC66A3-6D24-43DB-9E0F-23A8FDB05DFC}
		{41327AD0-7F06-4343-8F5A-DF26749E5BC0} = {E28A09B9-E9C8-4966-8C7A-59E8DBB83FA1}
		{635BF108-A0AD-42EB-94A6-AA0E500C1C2D} = {E28A09B9-E9C8-4966-8C7A-59E8DBB83FA1}
		{E41667DE-7F61-435B-884C-E94D25640294} = {E28A09B9-E9C8-4966-8C7A-59E8DBB83FA1}
		{6988A040-0F79-4BC5-AA73-3949DDB811E9} = {E28A09B9-E9C8-4966-8C7A-59E8DBB83FA1}
		{FFB3F723-08EC-4388-A68C-D31CD2244C9E} = {E28A09B9-E9C8-4966-8C7A-59E8DBB83FA1}
		{6642CA15-B1B3-427C-A7C8-A50A98F10EEB} = {E28A09B9-E9C8-4966-8C7A-59E8DBB83FA1}
		{07B58B00-74AB-41AF-AD7B-66DE60D9AA7C} = {44F08FF2-DFC3-49E2-A0CF-88AD3B572B78}
		{B41F0B34-2F0D-4EE9-BD1F-7F389939534C} = {44F08FF2-DFC3-49E2-A0CF-88AD3B572B78}
		{166A8CBC-8541-4BF8-95FE-F648127707A2} = {44F08FF2-DFC3-49E2-A0CF-88AD3B572B78}
		{A2EA6CA8-8919-416A-888A-AA41B11886D1} = {44F08FF2-DFC3-49E2-A0CF-88AD3B572B78}
		{D3C87E1A-8299-491F-A398-8A65A5038CF9} = {BDA43883-8A14-4D71-9D70-804DF6C48581}
		{A4B759E6-482A-4332-8160-61625D1D125D} = {BDA43883-8A14-4D71-9D70-804DF6C48581}
		{BCE696E6-E555-4A62-A58E-1386DFA639AE} = {39726FEE-8958-4115-B0A0-1F711D4EEE8C}
		{FF911671-EB21-4BCC-AB44-A7F151D2EB1E} = {5E048544-2A5B-43D5-9231-052403F0DD60}
		{A95203EE-8805-4107-B083-91E1EB7A446C} = {E28A09B9-E9C8-4966-8C7A-59E8DBB83FA1}
	EndGlobalSection
	GlobalSection(ExtensibilityGlobals) = postSolution
		SolutionGuid = {63F4EA02-B9BA-404B-9773-D9585A8D5964}
	EndGlobalSection
EndGlobal
